
Microsoft Visual Studio Solution File, Format Version 12.00
# Visual Studio Version 17
VisualStudioVersion = 17.7.34009.444
MinimumVisualStudioVersion = 10.0.40219.1
Project("{FAE04EC0-301F-11D3-BF4B-00C04F79EFBC}") = "Pi-Serasa-Starlents", "Pi-Serasa-Starlents\Pi-Serasa-Starlents.csproj", "{30ACB744-B24E-4D46-A1BF-613BF5215B8C}"
EndProject
Global
	GlobalSection(SolutionConfigurationPlatforms) = preSolution
		Debug|Any CPU = Debug|Any CPU
		Release|Any CPU = Release|Any CPU
	EndGlobalSection
	GlobalSection(ProjectConfigurationPlatforms) = postSolution
		{30ACB744-B24E-4D46-A1BF-613BF5215B8C}.Debug|Any CPU.ActiveCfg = Debug|Any CPU
		{30ACB744-B24E-4D46-A1BF-613BF5215B8C}.Debug|Any CPU.Build.0 = Debug|Any CPU
		{30ACB744-B24E-4D46-A1BF-613BF5215B8C}.Release|Any CPU.ActiveCfg = Release|Any CPU
		{30ACB744-B24E-4D46-A1BF-613BF5215B8C}.Release|Any CPU.Build.0 = Release|Any CPU
	EndGlobalSection
	GlobalSection(SolutionProperties) = preSolution
		HideSolutionNode = FALSE
	EndGlobalSection
	GlobalSection(ExtensibilityGlobals) = postSolution
		SolutionGuid = {0C22F05D-1FD1-412F-80C0-EA30457F325A}
	EndGlobalSection
EndGlobal
